
Microsoft Visual Studio Solution File, Format Version 12.00
# Visual Studio Version 17
VisualStudioVersion = 17.2.32630.192
MinimumVisualStudioVersion = 10.0.40219.1
Project("{FAE04EC0-301F-11D3-BF4B-00C04F79EFBC}") = "Assignment-1", "Assignment-1\Assignment-1.csproj", "{BCF5C7F1-9963-4222-9FF1-540F22E90988}"
EndProject
Global
	GlobalSection(SolutionConfigurationPlatforms) = preSolution
		Debug|Any CPU = Debug|Any CPU
		Release|Any CPU = Release|Any CPU
	EndGlobalSection
	GlobalSection(ProjectConfigurationPlatforms) = postSolution
		{BCF5C7F1-9963-4222-9FF1-540F22E90988}.Debug|Any CPU.ActiveCfg = Debug|Any CPU
		{BCF5C7F1-9963-4222-9FF1-540F22E90988}.Debug|Any CPU.Build.0 = Debug|Any CPU
		{BCF5C7F1-9963-4222-9FF1-540F22E90988}.Release|Any CPU.ActiveCfg = Release|Any CPU
		{BCF5C7F1-9963-4222-9FF1-540F22E90988}.Release|Any CPU.Build.0 = Release|Any CPU
	EndGlobalSection
	GlobalSection(SolutionProperties) = preSolution
		HideSolutionNode = FALSE
	EndGlobalSection
	GlobalSection(ExtensibilityGlobals) = postSolution
		SolutionGuid = {12CEE405-D7C5-41D9-BCEF-D5DEC0A8BB7A}
	EndGlobalSection
EndGlobal
